{
  "name": "ervy-charts",
  "version": "1.0.0",
  "lockfileVersion": 2,
  "requires": true,
  "packages": {
    "": {
      "version": "1.0.0",
      "license": "MIT",
      "devDependencies": {
        "ervy": "^1.0.2"
      }
    },
    "node_modules/ervy": {
      "version": "1.0.2",
      "resolved": "https://registry.npmjs.org/ervy/-/ervy-1.0.2.tgz",
      "integrity": "sha512-R9j24uID/vVDtjJAxHfICCTsubXnVwls0bTqoccquKLberq81RdbGfPyLj94i19IJRN4ip+8ITsWcQ8xUXwz2Q==",
      "dev": true,
      "engines": {
        "node": ">=8"
      }
    }
  },
  "dependencies": {
    "ervy": {
      "version": "1.0.2",
      "resolved": "https://registry.npmjs.org/ervy/-/ervy-1.0.2.tgz",
      "integrity": "sha512-R9j24uID/vVDtjJAxHfICCTsubXnVwls0bTqoccquKLberq81RdbGfPyLj94i19IJRN4ip+8ITsWcQ8xUXwz2Q==",
      "dev": true
    }
  }
}
